
Microsoft Visual Studio Solution File, Format Version 12.00
# Visual Studio Version 17
VisualStudioVersion = 17.9.34728.123
MinimumVisualStudioVersion = 10.0.40219.1
Project("{C9674DCB-5085-4A16-B785-4C70DD1589BD}") = "final data warehouse", "final data warehouse\final data warehouse.dtproj", "{738966E7-5C14-465F-83B9-853E0D590F1B}"
EndProject
Global
	GlobalSection(SolutionConfigurationPlatforms) = preSolution
		Development|Default = Development|Default
	EndGlobalSection
	GlobalSection(ProjectConfigurationPlatforms) = postSolution
		{738966E7-5C14-465F-83B9-853E0D590F1B}.Development|Default.ActiveCfg = Development
		{738966E7-5C14-465F-83B9-853E0D590F1B}.Development|Default.Build.0 = Development
	EndGlobalSection
	GlobalSection(SolutionProperties) = preSolution
		HideSolutionNode = FALSE
	EndGlobalSection
	GlobalSection(ExtensibilityGlobals) = postSolution
		SolutionGuid = {5B89D86D-BABC-483D-8E54-854EF5B281DD}
	EndGlobalSection
EndGlobal
